
Microsoft Visual Studio Solution File, Format Version 12.00
# Visual Studio Version 16
VisualStudioVersion = 16.0.32510.428
MinimumVisualStudioVersion = 10.0.40219.1
Project("{FAE04EC0-301F-11D3-BF4B-00C04F79EFBC}") = "appPOO", "appPOO\appPOO.csproj", "{477F950A-E853-428D-A35D-B95206E5DB59}"
EndProject
Project("{FAE04EC0-301F-11D3-BF4B-00C04F79EFBC}") = "Clases", "Clases\Clases.csproj", "{A052C4C7-680C-4BA6-B015-066213ED351B}"
EndProject
Global
	GlobalSection(SolutionConfigurationPlatforms) = preSolution
		Debug|Any CPU = Debug|Any CPU
		Release|Any CPU = Release|Any CPU
	EndGlobalSection
	GlobalSection(ProjectConfigurationPlatforms) = postSolution
		{477F950A-E853-428D-A35D-B95206E5DB59}.Debug|Any CPU.ActiveCfg = Debug|Any CPU
		{477F950A-E853-428D-A35D-B95206E5DB59}.Debug|Any CPU.Build.0 = Debug|Any CPU
		{477F950A-E853-428D-A35D-B95206E5DB59}.Release|Any CPU.ActiveCfg = Release|Any CPU
		{477F950A-E853-428D-A35D-B95206E5DB59}.Release|Any CPU.Build.0 = Release|Any CPU
		{A052C4C7-680C-4BA6-B015-066213ED351B}.Debug|Any CPU.ActiveCfg = Debug|Any CPU
		{A052C4C7-680C-4BA6-B015-066213ED351B}.Debug|Any CPU.Build.0 = Debug|Any CPU
		{A052C4C7-680C-4BA6-B015-066213ED351B}.Release|Any CPU.ActiveCfg = Release|Any CPU
		{A052C4C7-680C-4BA6-B015-066213ED351B}.Release|Any CPU.Build.0 = Release|Any CPU
	EndGlobalSection
	GlobalSection(SolutionProperties) = preSolution
		HideSolutionNode = FALSE
	EndGlobalSection
	GlobalSection(ExtensibilityGlobals) = postSolution
		SolutionGuid = {8911BFDF-42E6-46A1-A5DE-7EF09D5588D4}
	EndGlobalSection
EndGlobal
